
Microsoft Visual Studio Solution File, Format Version 12.00
# Visual Studio Version 17
VisualStudioVersion = 17.9.34902.65
MinimumVisualStudioVersion = 10.0.40219.1
Project("{8BC9CEB8-8B4A-11D0-8D11-00A0C91BC942}") = "MT3_02_01", "MT3_02_01.vcxproj", "{E71702F6-2E2E-4194-83AE-320134FA1308}"
EndProject
Global
	GlobalSection(SolutionConfigurationPlatforms) = preSolution
		Debug|x64 = Debug|x64
		Release|x64 = Release|x64
	EndGlobalSection
	GlobalSection(ProjectConfigurationPlatforms) = postSolution
		{E71702F6-2E2E-4194-83AE-320134FA1308}.Debug|x64.ActiveCfg = Debug|x64
		{E71702F6-2E2E-4194-83AE-320134FA1308}.Debug|x64.Build.0 = Debug|x64
		{E71702F6-2E2E-4194-83AE-320134FA1308}.Release|x64.ActiveCfg = Release|x64
		{E71702F6-2E2E-4194-83AE-320134FA1308}.Release|x64.Build.0 = Release|x64
	EndGlobalSection
	GlobalSection(SolutionProperties) = preSolution
		HideSolutionNode = FALSE
	EndGlobalSection
	GlobalSection(ExtensibilityGlobals) = postSolution
		SolutionGuid = {8623C362-D610-4C66-8244-FCF99D239808}
	EndGlobalSection
EndGlobal
